
Microsoft Visual Studio Solution File, Format Version 12.00
# Visual Studio Version 17
VisualStudioVersion = 17.8.34330.188
MinimumVisualStudioVersion = 10.0.40219.1
Project("{FAE04EC0-301F-11D3-BF4B-00C04F79EFBC}") = "Workfiles", "Workfiles\Workfiles.csproj", "{131FA995-C0BD-4E51-A11C-B225D7D4BF50}"
EndProject
Global
	GlobalSection(SolutionConfigurationPlatforms) = preSolution
		Debug|Any CPU = Debug|Any CPU
		Release|Any CPU = Release|Any CPU
	EndGlobalSection
	GlobalSection(ProjectConfigurationPlatforms) = postSolution
		{131FA995-C0BD-4E51-A11C-B225D7D4BF50}.Debug|Any CPU.ActiveCfg = Debug|Any CPU
		{131FA995-C0BD-4E51-A11C-B225D7D4BF50}.Debug|Any CPU.Build.0 = Debug|Any CPU
		{131FA995-C0BD-4E51-A11C-B225D7D4BF50}.Release|Any CPU.ActiveCfg = Release|Any CPU
		{131FA995-C0BD-4E51-A11C-B225D7D4BF50}.Release|Any CPU.Build.0 = Release|Any CPU
	EndGlobalSection
	GlobalSection(SolutionProperties) = preSolution
		HideSolutionNode = FALSE
	EndGlobalSection
	GlobalSection(ExtensibilityGlobals) = postSolution
		SolutionGuid = {2BD183DA-90A9-4BA3-BF20-0CCB01662298}
	EndGlobalSection
EndGlobal
